// !$*UTF8*$!
{
	archiveVersion = 1;
	classes = {
	};
	objectVersion = 50;
	objects = {

/* Begin PBXBuildFile section */
		28ECD7F3256A360D0066FD30 /* AppDelegate.swift in Sources */ = {isa = PBXBuildFile; fileRef = 28ECD7F2256A360D0066FD30 /* AppDelegate.swift */; };
		28ECD7F5256A360D0066FD30 /* SceneDelegate.swift in Sources */ = {isa = PBXBuildFile; fileRef = 28ECD7F4256A360D0066FD30 /* SceneDelegate.swift */; };
		28ECD7F7256A360D0066FD30 /* ViewController.swift in Sources */ = {isa = PBXBuildFile; fileRef = 28ECD7F6256A360D0066FD30 /* ViewController.swift */; };
		28ECD7FA256A360D0066FD30 /* Main.storyboard in Resources */ = {isa = PBXBuildFile; fileRef = 28ECD7F8256A360D0066FD30 /* Main.storyboard */; };
		28ECD7FC256A36100066FD30 /* Assets.xcassets in Resources */ = {isa = PBXBuildFile; fileRef = 28ECD7FB256A36100066FD30 /* Assets.xcassets */; };
		28ECD7FF256A36100066FD30 /* LaunchScreen.storyboard in Resources */ = {isa = PBXBuildFile; fileRef = 28ECD7FD256A36100066FD30 /* LaunchScreen.storyboard */; };
		28ECD80A256A36100066FD30 /* tableviewTests.swift in Sources */ = {isa = PBXBuildFile; fileRef = 28ECD809256A36100066FD30 /* tableviewTests.swift */; };
		28ECD815256A36100066FD30 /* tableviewUITests.swift in Sources */ = {isa = PBXBuildFile; fileRef = 28ECD814256A36100066FD30 /* tableviewUITests.swift */; };
/* End PBXBuildFile section */

/* Begin PBXContainerItemProxy section */
		28ECD806256A36100066FD30 /* PBXContainerItemProxy */ = {
			isa = PBXContainerItemProxy;
			containerPortal = 28ECD7E7256A360D0066FD30 /* Project object */;
			proxyType = 1;
			remoteGlobalIDString = 28ECD7EE256A360D0066FD30;
			remoteInfo = tableview;
		};
		28ECD811256A36100066FD30 /* PBXContainerItemProxy */ = {
			isa = PBXContainerItemProxy;
			containerPortal = 28ECD7E7256A360D0066FD30 /* Project object */;
			proxyType = 1;
			remoteGlobalIDString = 28ECD7EE256A360D0066FD30;
			remoteInfo = tableview;
		};
/* End PBXContainerItemProxy section */

/* Begin PBXFileReference section */
		28ECD7EF256A360D0066FD30 /* tableview.app */ = {isa = PBXFileReference; explicitFileType = wrapper.application; includeInIndex = 0; path = tableview.app; sourceTree = BUILT_PRODUCTS_DIR; };
		28ECD7F2256A360D0066FD30 /* AppDelegate.swift */ = {isa = PBXFileReference; lastKnownFileType = sourcecode.swift; path = AppDelegate.swift; sourceTree = "<group>"; };
		28ECD7F4256A360D0066FD30 /* SceneDelegate.swift */ = {isa = PBXFileReference; lastKnownFileType = sourcecode.swift; path = SceneDelegate.swift; sourceTree = "<group>"; };
		28ECD7F6256A360D0066FD30 /* ViewController.swift */ = {isa = PBXFileReference; lastKnownFileType = sourcecode.swift; path = ViewController.swift; sourceTree = "<group>"; };
		28ECD7F9256A360D0066FD30 /* Base */ = {isa = PBXFileReference; lastKnownFileType = file.storyboard; name = Base; path = Base.lproj/Main.storyboard; sourceTree = "<group>"; };
		28ECD7FB256A36100066FD30 /* Assets.xcassets */ = {isa = PBXFileReference; lastKnownFileType = folder.assetcatalog; path = Assets.xcassets; sourceTree = "<group>"; };
		28ECD7FE256A36100066FD30 /* Base */ = {isa = PBXFileReference; lastKnownFileType = file.storyboard; name = Base; path = Base.lproj/LaunchScreen.storyboard; sourceTree = "<group>"; };
		28ECD800256A36100066FD30 /* Info.plist */ = {isa = PBXFileReference; lastKnownFileType = text.plist.xml; path = Info.plist; sourceTree = "<group>"; };
		28ECD805256A36100066FD30 /* tableviewTests.xctest */ = {isa = PBXFileReference; explicitFileType = wrapper.cfbundle; includeInIndex = 0; path = tableviewTests.xctest; sourceTree = BUILT_PRODUCTS_DIR; };
		28ECD809256A36100066FD30 /* tableviewTests.swift */ = {isa = PBXFileReference; lastKnownFileType = sourcecode.swift; path = tableviewTests.swift; sourceTree = "<group>"; };
		28ECD80B256A36100066FD30 /* Info.plist */ = {isa = PBXFileReference; lastKnownFileType = text.plist.xml; path = Info.plist; sourceTree = "<group>"; };
		28ECD810256A36100066FD30 /* tableviewUITests.xctest */ = {isa = PBXFileReference; explicitFileType = wrapper.cfbundle; includeInIndex = 0; path = tableviewUITests.xctest; sourceTree = BUILT_PRODUCTS_DIR; };
		28ECD814256A36100066FD30 /* tableviewUITests.swift */ = {isa = PBXFileReference; lastKnownFileType = sourcecode.swift; path = tableviewUITests.swift; sourceTree = "<group>"; };
		28ECD816256A36100066FD30 /* Info.plist */ = {isa = PBXFileReference; lastKnownFileType = text.plist.xml; path = Info.plist; sourceTree = "<group>"; };
/* End PBXFileReference section */

/* Begin PBXFrameworksBuildPhase section */
		28ECD7EC256A360D0066FD30 /* Frameworks */ = {
			isa = PBXFrameworksBuildPhase;
			buildActionMask = 2147483647;
			files = (
			);
			runOnlyForDeploymentPostprocessing = 0;
		};
		28ECD802256A36100066FD30 /* Frameworks */ = {
			isa = PBXFrameworksBuildPhase;
			buildActionMask = 2147483647;
			files = (
			);
			runOnlyForDeploymentPostprocessing = 0;
		};
		28ECD80D256A36100066FD30 /* Frameworks */ = {
			isa = PBXFrameworksBuildPhase;
			buildActionMask = 2147483647;
			files = (
			);
			runOnlyForDeploymentPostprocessing = 0;
		};
/* End PBXFrameworksBuildPhase section */

/* Begin PBXGroup section */
		28ECD7E6256A360D0066FD30 = {
			isa = PBXGroup;
			children = (
				28ECD7F1256A360D0066FD30 /* tableview */,
				28ECD808256A36100066FD30 /* tableviewTests */,
				28ECD813256A36100066FD30 /* tableviewUITests */,
				28ECD7F0256A360D0066FD30 /* Products */,
			);
			sourceTree = "<group>";
		};
		28ECD7F0256A360D0066FD30 /* Products */ = {
			isa = PBXGroup;
			children = (
				28ECD7EF256A360D0066FD30 /* tableview.app */,
				28ECD805256A36100066FD30 /* tableviewTests.xctest */,
				28ECD810256A36100066FD30 /* tableviewUITests.xctest */,
			);
			name = Products;
			sourceTree = "<group>";
		};
		28ECD7F1256A360D0066FD30 /* tableview */ = {
			isa = PBXGroup;
			children = (
				28ECD7F2256A360D0066FD30 /* AppDelegate.swift */,
				28ECD7F4256A360D0066FD30 /* SceneDelegate.swift */,
				28ECD7F6256A360D0066FD30 /* ViewController.swift */,
				28ECD7F8256A360D0066FD30 /* Main.storyboard */,
				28ECD7FB256A36100066FD30 /* Assets.xcassets */,
				28ECD7FD256A36100066FD30 /* LaunchScreen.storyboard */,
				28ECD800256A36100066FD30 /* Info.plist */,
			);
			path = tableview;
			sourceTree = "<group>";
		};
		28ECD808256A36100066FD30 /* tableviewTests */ = {
			isa = PBXGroup;
			children = (
				28ECD809256A36100066FD30 /* tableviewTests.swift */,
				28ECD80B256A36100066FD30 /* Info.plist */,
			);
			path = tableviewTests;
			sourceTree = "<group>";
		};
		28ECD813256A36100066FD30 /* tableviewUITests */ = {
			isa = PBXGroup;
			children = (
				28ECD814256A36100066FD30 /* tableviewUITests.swift */,
				28ECD816256A36100066FD30 /* Info.plist */,
			);
			path = tableviewUITests;
			sourceTree = "<group>";
		};
/* End PBXGroup section */

/* Begin PBXNativeTarget section */
		28ECD7EE256A360D0066FD30 /* tableview */ = {
			isa = PBXNativeTarget;
			buildConfigurationList = 28ECD819256A36100066FD30 /* Build configuration list for PBXNativeTarget "tableview" */;
			buildPhases = (
				28ECD7EB256A360D0066FD30 /* Sources */,
				28ECD7EC256A360D0066FD30 /* Frameworks */,
				28ECD7ED256A360D0066FD30 /* Resources */,
			);
			buildRules = (
			);
			dependencies = (
			);
			name = tableview;
			productName = tableview;
			productReference = 28ECD7EF256A360D0066FD30 /* tableview.app */;
			productType = "com.apple.product-type.application";
		};
		28ECD804256A36100066FD30 /* tableviewTests */ = {
			isa = PBXNativeTarget;
			buildConfigurationList = 28ECD81C256A36100066FD30 /* Build configuration list for PBXNativeTarget "tableviewTests" */;
			buildPhases = (
				28ECD801256A36100066FD30 /* Sources */,
				28ECD802256A36100066FD30 /* Frameworks */,
				28ECD803256A36100066FD30 /* Resources */,
			);
			buildRules = (
			);
			dependencies = (
				28ECD807256A36100066FD30 /* PBXTargetDependency */,
			);
			name = tableviewTests;
			productName = tableviewTests;
			productReference = 28ECD805256A36100066FD30 /* tableviewTests.xctest */;
			productType = "com.apple.product-type.bundle.unit-test";
		};
		28ECD80F256A36100066FD30 /* tableviewUITests */ = {
			isa = PBXNativeTarget;
			buildConfigurationList = 28ECD81F256A36100066FD30 /* Build configuration list for PBXNativeTarget "tableviewUITests" */;
			buildPhases = (
				28ECD80C256A36100066FD30 /* Sources */,
				28ECD80D256A36100066FD30 /* Frameworks */,
				28ECD80E256A36100066FD30 /* Resources */,
			);
			buildRules = (
			);
			dependencies = (
				28ECD812256A36100066FD30 /* PBXTargetDependency */,
			);
			name = tableviewUITests;
			productName = tableviewUITests;
			productReference = 28ECD810256A36100066FD30 /* tableviewUITests.xctest */;
			productType = "com.apple.product-type.bundle.ui-testing";
		};
/* End PBXNativeTarget section */

/* Begin PBXProject section */
		28ECD7E7256A360D0066FD30 /* Project object */ = {
			isa = PBXProject;
			attributes = {
				LastSwiftUpdateCheck = 1210;
				LastUpgradeCheck = 1210;
				TargetAttributes = {
					28ECD7EE256A360D0066FD30 = {
						CreatedOnToolsVersion = 12.1;
					};
					28ECD804256A36100066FD30 = {
						CreatedOnToolsVersion = 12.1;
						TestTargetID = 28ECD7EE256A360D0066FD30;
					};
					28ECD80F256A36100066FD30 = {
						CreatedOnToolsVersion = 12.1;
						TestTargetID = 28ECD7EE256A360D0066FD30;
					};
				};
			};
			buildConfigurationList = 28ECD7EA256A360D0066FD30 /* Build configuration list for PBXProject "tableview" */;
			compatibilityVersion = "Xcode 9.3";
			developmentRegion = en;
			hasScannedForEncodings = 0;
			knownRegions = (
				en,
				Base,
			);
			mainGroup = 28ECD7E6256A360D0066FD30;
			productRefGroup = 28ECD7F0256A360D0066FD30 /* Products */;
			projectDirPath = "";
			projectRoot = "";
			targets = (
				28ECD7EE256A360D0066FD30 /* tableview */,
				28ECD804256A36100066FD30 /* tableviewTests */,
				28ECD80F256A36100066FD30 /* tableviewUITests */,
			);
		};
/* End PBXProject section */

/* Begin PBXResourcesBuildPhase section */
		28ECD7ED256A360D0066FD30 /* Resources */ = {
			isa = PBXResourcesBuildPhase;
			buildActionMask = 2147483647;
			files = (
				28ECD7FF256A36100066FD30 /* LaunchScreen.storyboard in Resources */,
				28ECD7FC256A36100066FD30 /* Assets.xcassets in Resources */,
				28ECD7FA256A360D0066FD30 /* Main.storyboard in Resources */,
			);
			runOnlyForDeploymentPostprocessing = 0;
		};
		28ECD803256A36100066FD30 /* Resources */ = {
			isa = PBXResourcesBuildPhase;
			buildActionMask = 2147483647;
			files = (
			);
			runOnlyForDeploymentPostprocessing = 0;
		};
		28ECD80E256A36100066FD30 /* Resources */ = {
			isa = PBXResourcesBuildPhase;
			buildActionMask = 2147483647;
			files = (
			);
			runOnlyForDeploymentPostprocessing = 0;
		};
/* End PBXResourcesBuildPhase section */

/* Begin PBXSourcesBuildPhase section */
		28ECD7EB256A360D0066FD30 /* Sources */ = {
			isa = PBXSourcesBuildPhase;
			buildActionMask = 2147483647;
			files = (
				28ECD7F7256A360D0066FD30 /* ViewController.swift in Sources */,
				28ECD7F3256A360D0066FD30 /* AppDelegate.swift in Sources */,
				28ECD7F5256A360D0066FD30 /* SceneDelegate.swift in Sources */,
			);
			runOnlyForDeploymentPostprocessing = 0;
		};
		28ECD801256A36100066FD30 /* Sources */ = {
			isa = PBXSourcesBuildPhase;
			buildActionMask = 2147483647;
			files = (
				28ECD80A256A36100066FD30 /* tableviewTests.swift in Sources */,
			);
			runOnlyForDeploymentPostprocessing = 0;
		};
		28ECD80C256A36100066FD30 /* Sources */ = {
			isa = PBXSourcesBuildPhase;
			buildActionMask = 2147483647;
			files = (
				28ECD815256A36100066FD30 /* tableviewUITests.swift in Sources */,
			);
			runOnlyForDeploymentPostprocessing = 0;
		};
/* End PBXSourcesBuildPhase section */

/* Begin PBXTargetDependency section */
		28ECD807256A36100066FD30 /* PBXTargetDependency */ = {
			isa = PBXTargetDependency;
			target = 28ECD7EE256A360D0066FD30 /* tableview */;
			targetProxy = 28ECD806256A36100066FD30 /* PBXContainerItemProxy */;
		};
		28ECD812256A36100066FD30 /* PBXTargetDependency */ = {
			isa = PBXTargetDependency;
			target = 28ECD7EE256A360D0066FD30 /* tableview */;
			targetProxy = 28ECD811256A36100066FD30 /* PBXContainerItemProxy */;
		};
/* End PBXTargetDependency section */

/* Begin PBXVariantGroup section */
		28ECD7F8256A360D0066FD30 /* Main.storyboard */ = {
			isa = PBXVariantGroup;
			children = (
				28ECD7F9256A360D0066FD30 /* Base */,
			);
			name = Main.storyboard;
			sourceTree = "<group>";
		};
		28ECD7FD256A36100066FD30 /* LaunchScreen.storyboard */ = {
			isa = PBXVariantGroup;
			children = (
				28ECD7FE256A36100066FD30 /* Base */,
			);
			name = LaunchScreen.storyboard;
			sourceTree = "<group>";
		};
/* End PBXVariantGroup section */

/* Begin XCBuildConfiguration section */
		28ECD817256A36100066FD30 /* Debug */ = {
			isa = XCBuildConfiguration;
			buildSettings = {
				ALWAYS_SEARCH_USER_PATHS = NO;
				CLANG_ANALYZER_NONNULL = YES;
				CLANG_ANALYZER_NUMBER_OBJECT_CONVERSION = YES_AGGRESSIVE;
				CLANG_CXX_LANGUAGE_STANDARD = "gnu++14";
				CLANG_CXX_LIBRARY = "libc++";
				CLANG_ENABLE_MODULES = YES;
				CLANG_ENABLE_OBJC_ARC = YES;
				CLANG_ENABLE_OBJC_WEAK = YES;
				CLANG_WARN_BLOCK_CAPTURE_AUTORELEASING = YES;
				CLANG_WARN_BOOL_CONVERSION = YES;
				CLANG_WARN_COMMA = YES;
				CLANG_WARN_CONSTANT_CONVERSION = YES;
				CLANG_WARN_DEPRECATED_OBJC_IMPLEMENTATIONS = YES;
				CLANG_WARN_DIRECT_OBJC_ISA_USAGE = YES_ERROR;
				CLANG_WARN_DOCUMENTATION_COMMENTS = YES;
				CLANG_WARN_EMPTY_BODY = YES;
				CLANG_WARN_ENUM_CONVERSION = YES;
				CLANG_WARN_INFINITE_RECURSION = YES;
				CLANG_WARN_INT_CONVERSION = YES;
				CLANG_WARN_NON_LITERAL_NULL_CONVERSION = YES;
				CLANG_WARN_OBJC_IMPLICIT_RETAIN_SELF = YES;
				CLANG_WARN_OBJC_LITERAL_CONVERSION = YES;
				CLANG_WARN_OBJC_ROOT_CLASS = YES_ERROR;
				CLANG_WARN_QUOTED_INCLUDE_IN_FRAMEWORK_HEADER = YES;
				CLANG_WARN_RANGE_LOOP_ANALYSIS = YES;
				CLANG_WARN_STRICT_PROTOTYPES = YES;
				CLANG_WARN_SUSPICIOUS_MOVE = YES;
				CLANG_WARN_UNGUARDED_AVAILABILITY = YES_AGGRESSIVE;
				CLANG_WARN_UNREACHABLE_CODE = YES;
				CLANG_WARN__DUPLICATE_METHOD_MATCH = YES;
				COPY_PHASE_STRIP = NO;
				DEBUG_INFORMATION_FORMAT = dwarf;
				ENABLE_STRICT_OBJC_MSGSEND = YES;
				ENABLE_TESTABILITY = YES;
				GCC_C_LANGUAGE_STANDARD = gnu11;
				GCC_DYNAMIC_NO_PIC = NO;
				GCC_NO_COMMON_BLOCKS = YES;
				GCC_OPTIMIZATION_LEVEL = 0;
				GCC_PREPROCESSOR_DEFINITIONS = (
					"DEBUG=1",
					"$(inherited)",
				);
				GCC_WARN_64_TO_32_BIT_CONVERSION = YES;
				GCC_WARN_ABOUT_RETURN_TYPE = YES_ERROR;
				GCC_WARN_UNDECLARED_SELECTOR = YES;
				GCC_WARN_UNINITIALIZED_AUTOS = YES_AGGRESSIVE;
				GCC_WARN_UNUSED_FUNCTION = YES;
				GCC_WARN_UNUSED_VARIABLE = YES;
				IPHONEOS_DEPLOYMENT_TARGET = 14.1;
				MTL_ENABLE_DEBUG_INFO = INCLUDE_SOURCE;
				MTL_FAST_MATH = YES;
				ONLY_ACTIVE_ARCH = YES;
				SDKROOT = iphoneos;
				SWIFT_ACTIVE_COMPILATION_CONDITIONS = DEBUG;
				SWIFT_OPTIMIZATION_LEVEL = "-Onone";
			};
			name = Debug;
		};
		28ECD818256A36100066FD30 /* Release */ = {
			isa = XCBuildConfiguration;
			buildSettings = {
				ALWAYS_SEARCH_USER_PATHS = NO;
				CLANG_ANALYZER_NONNULL = YES;
				CLANG_ANALYZER_NUMBER_OBJECT_CONVERSION = YES_AGGRESSIVE;
				CLANG_CXX_LANGUAGE_STANDARD = "gnu++14";
				CLANG_CXX_LIBRARY = "libc++";
				CLANG_ENABLE_MODULES = YES;
				CLANG_ENABLE_OBJC_ARC = YES;
				CLANG_ENABLE_OBJC_WEAK = YES;
				CLANG_WARN_BLOCK_CAPTURE_AUTORELEASING = YES;
				CLANG_WARN_BOOL_CONVERSION = YES;
				CLANG_WARN_COMMA = YES;
				CLANG_WARN_CONSTANT_CONVERSION = YES;
				CLANG_WARN_DEPRECATED_OBJC_IMPLEMENTATIONS = YES;
				CLANG_WARN_DIRECT_OBJC_ISA_USAGE = YES_ERROR;
				CLANG_WARN_DOCUMENTATION_COMMENTS = YES;
				CLANG_WARN_EMPTY_BODY = YES;
				CLANG_WARN_ENUM_CONVERSION = YES;
				CLANG_WARN_INFINITE_RECURSION = YES;
				CLANG_WARN_INT_CONVERSION = YES;
				CLANG_WARN_NON_LITERAL_NULL_CONVERSION = YES;
				CLANG_WARN_OBJC_IMPLICIT_RETAIN_SELF = YES;
				CLANG_WARN_OBJC_LITERAL_CONVERSION = YES;
				CLANG_WARN_OBJC_ROOT_CLASS = YES_ERROR;
				CLANG_WARN_QUOTED_INCLUDE_IN_FRAMEWORK_HEADER = YES;
				CLANG_WARN_RANGE_LOOP_ANALYSIS = YES;
				CLANG_WARN_STRICT_PROTOTYPES = YES;
				CLANG_WARN_SUSPICIOUS_MOVE = YES;
				CLANG_WARN_UNGUARDED_AVAILABILITY = YES_AGGRESSIVE;
				CLANG_WARN_UNREACHABLE_CODE = YES;
				CLANG_WARN__DUPLICATE_METHOD_MATCH = YES;
				COPY_PHASE_STRIP = NO;
				DEBUG_INFORMATION_FORMAT = "dwarf-with-dsym";
				ENABLE_NS_ASSERTIONS = NO;
				ENABLE_STRICT_OBJC_MSGSEND = YES;
				GCC_C_LANGUAGE_STANDARD = gnu11;
				GCC_NO_COMMON_BLOCKS = YES;
				GCC_WARN_64_TO_32_BIT_CONVERSION = YES;
				GCC_WARN_ABOUT_RETURN_TYPE = YES_ERROR;
				GCC_WARN_UNDECLARED_SELECTOR = YES;
				GCC_WARN_UNINITIALIZED_AUTOS = YES_AGGRESSIVE;
				GCC_WARN_UNUSED_FUNCTION = YES;
				GCC_WARN_UNUSED_VARIABLE = YES;
				IPHONEOS_DEPLOYMENT_TARGET = 14.1;
				MTL_ENABLE_DEBUG_INFO = NO;
				MTL_FAST_MATH = YES;
				SDKROOT = iphoneos;
				SWIFT_COMPILATION_MODE = wholemodule;
				SWIFT_OPTIMIZATION_LEVEL = "-O";
				VALIDATE_PRODUCT = YES;
			};
			name = Release;
		};
		28ECD81A256A36100066FD30 /* Debug */ = {
			isa = XCBuildConfiguration;
			buildSettings = {
				ASSETCATALOG_COMPILER_APPICON_NAME = AppIcon;
				ASSETCATALOG_COMPILER_GLOBAL_ACCENT_COLOR_NAME = AccentColor;
				CODE_SIGN_STYLE = Automatic;
				CURRENT_PROJECT_VERSION = 1.0.0;
				DEVELOPMENT_TEAM = Q43LF2VJ3N;
				INFOPLIST_FILE = tableview/Info.plist;
				LD_RUNPATH_SEARCH_PATHS = (
					"$(inherited)",
					"@executable_path/Frameworks",
				);
				MARKETING_VERSION = 1.0.0;
				PRODUCT_BUNDLE_IDENTIFIER = MyOrganizationIdentifer.tableview;
				PRODUCT_NAME = "$(TARGET_NAME)";
				SWIFT_VERSION = 5.0;
				TARGETED_DEVICE_FAMILY = 1;
			};
			name = Debug;
		};
		28ECD81B256A36100066FD30 /* Release */ = {
			isa = XCBuildConfiguration;
			buildSettings = {
				ASSETCATALOG_COMPILER_APPICON_NAME = AppIcon;
				ASSETCATALOG_COMPILER_GLOBAL_ACCENT_COLOR_NAME = AccentColor;
				CODE_SIGN_STYLE = Automatic;
				CURRENT_PROJECT_VERSION = 1.0.0;
				DEVELOPMENT_TEAM = Q43LF2VJ3N;
				INFOPLIST_FILE = tableview/Info.plist;
				LD_RUNPATH_SEARCH_PATHS = (
					"$(inherited)",
					"@executable_path/Frameworks",
				);
				MARKETING_VERSION = 1.0.0;
				PRODUCT_BUNDLE_IDENTIFIER = MyOrganizationIdentifer.tableview;
				PRODUCT_NAME = "$(TARGET_NAME)";
				SWIFT_VERSION = 5.0;
				TARGETED_DEVICE_FAMILY = 1;
			};
			name = Release;
		};
		28ECD81D256A36100066FD30 /* Debug */ = {
			isa = XCBuildConfiguration;
			buildSettings = {
				ALWAYS_EMBED_SWIFT_STANDARD_LIBRARIES = YES;
				BUNDLE_LOADER = "$(TEST_HOST)";
				CODE_SIGN_STYLE = Automatic;
				DEVELOPMENT_TEAM = Q43LF2VJ3N;
				INFOPLIST_FILE = tableviewTests/Info.plist;
				IPHONEOS_DEPLOYMENT_TARGET = 14.1;
				LD_RUNPATH_SEARCH_PATHS = (
					"$(inherited)",
					"@executable_path/Frameworks",
					"@loader_path/Frameworks",
				);
				PRODUCT_BUNDLE_IDENTIFIER = MyOrganizationIdentifer.tableviewTests;
				PRODUCT_NAME = "$(TARGET_NAME)";
				SWIFT_VERSION = 5.0;
				TARGETED_DEVICE_FAMILY = "1,2";
				TEST_HOST = "$(BUILT_PRODUCTS_DIR)/tableview.app/tableview";
			};
			name = Debug;
		};
		28ECD81E256A36100066FD30 /* Release */ = {
			isa = XCBuildConfiguration;
			buildSettings = {
				ALWAYS_EMBED_SWIFT_STANDARD_LIBRARIES = YES;
				BUNDLE_LOADER = "$(TEST_HOST)";
				CODE_SIGN_STYLE = Automatic;
				DEVELOPMENT_TEAM = Q43LF2VJ3N;
				INFOPLIST_FILE = tableviewTests/Info.plist;
				IPHONEOS_DEPLOYMENT_TARGET = 14.1;
				LD_RUNPATH_SEARCH_PATHS = (
					"$(inherited)",
					"@executable_path/Frameworks",
					"@loader_path/Frameworks",
				);
				PRODUCT_BUNDLE_IDENTIFIER = MyOrganizationIdentifer.tableviewTests;
				PRODUCT_NAME = "$(TARGET_NAME)";
				SWIFT_VERSION = 5.0;
				TARGETED_DEVICE_FAMILY = "1,2";
				TEST_HOST = "$(BUILT_PRODUCTS_DIR)/tableview.app/tableview";
			};
			name = Release;
		};
		28ECD820256A36100066FD30 /* Debug */ = {
			isa = XCBuildConfiguration;
			buildSettings = {
				ALWAYS_EMBED_SWIFT_STANDARD_LIBRARIES = YES;
				CODE_SIGN_STYLE = Automatic;
				DEVELOPMENT_TEAM = Q43LF2VJ3N;
				INFOPLIST_FILE = tableviewUITests/Info.plist;
				LD_RUNPATH_SEARCH_PATHS = (
					"$(inherited)",
					"@executable_path/Frameworks",
					"@loader_path/Frameworks",
				);
				PRODUCT_BUNDLE_IDENTIFIER = MyOrganizationIdentifer.tableviewUITests;
				PRODUCT_NAME = "$(TARGET_NAME)";
				SWIFT_VERSION = 5.0;
				TARGETED_DEVICE_FAMILY = "1,2";
				TEST_TARGET_NAME = tableview;
			};
			name = Debug;
		};
		28ECD821256A36100066FD30 /* Release */ = {
			isa = XCBuildConfiguration;
			buildSettings = {
				ALWAYS_EMBED_SWIFT_STANDARD_LIBRARIES = YES;
				CODE_SIGN_STYLE = Automatic;
				DEVELOPMENT_TEAM = Q43LF2VJ3N;
				INFOPLIST_FILE = tableviewUITests/Info.plist;
				LD_RUNPATH_SEARCH_PATHS = (
					"$(inherited)",
					"@executable_path/Frameworks",
					"@loader_path/Frameworks",
				);
				PRODUCT_BUNDLE_IDENTIFIER = MyOrganizationIdentifer.tableviewUITests;
				PRODUCT_NAME = "$(TARGET_NAME)";
				SWIFT_VERSION = 5.0;
				TARGETED_DEVICE_FAMILY = "1,2";
				TEST_TARGET_NAME = tableview;
			};
			name = Release;
		};
/* End XCBuildConfiguration section */

/* Begin XCConfigurationList section */
		28ECD7EA256A360D0066FD30 /* Build configuration list for PBXProject "tableview" */ = {
			isa = XCConfigurationList;
			buildConfigurations = (
				28ECD817256A36100066FD30 /* Debug */,
				28ECD818256A36100066FD30 /* Release */,
			);
			defaultConfigurationIsVisible = 0;
			defaultConfigurationName = Release;
		};
		28ECD819256A36100066FD30 /* Build configuration list for PBXNativeTarget "tableview" */ = {
			isa = XCConfigurationList;
			buildConfigurations = (
				28ECD81A256A36100066FD30 /* Debug */,
				28ECD81B256A36100066FD30 /* Release */,
			);
			defaultConfigurationIsVisible = 0;
			defaultConfigurationName = Release;
		};
		28ECD81C256A36100066FD30 /* Build configuration list for PBXNativeTarget "tableviewTests" */ = {
			isa = XCConfigurationList;
			buildConfigurations = (
				28ECD81D256A36100066FD30 /* Debug */,
				28ECD81E256A36100066FD30 /* Release */,
			);
			defaultConfigurationIsVisible = 0;
			defaultConfigurationName = Release;
		};
		28ECD81F256A36100066FD30 /* Build configuration list for PBXNativeTarget "tableviewUITests" */ = {
			isa = XCConfigurationList;
			buildConfigurations = (
				28ECD820256A36100066FD30 /* Debug */,
				28ECD821256A36100066FD30 /* Release */,
			);
			defaultConfigurationIsVisible = 0;
			defaultConfigurationName = Release;
		};
/* End XCConfigurationList section */
	};
	rootObject = 28ECD7E7256A360D0066FD30 /* Project object */;
}
